
Microsoft Visual Studio Solution File, Format Version 12.00
# Visual Studio Version 16
VisualStudioVersion = 16.0.29709.97
MinimumVisualStudioVersion = 10.0.40219.1
Project("{8BC9CEB8-8B4A-11D0-8D11-00A0C91BC942}") = "StudentData", "StudentData.vcxproj", "{FD811387-487B-41A6-968B-DEA467BC4250}"
EndProject
Global
	GlobalSection(SolutionConfigurationPlatforms) = preSolution
		Debug|x64 = Debug|x64
		Debug|x86 = Debug|x86
		Release|x64 = Release|x64
		Release|x86 = Release|x86
	EndGlobalSection
	GlobalSection(ProjectConfigurationPlatforms) = postSolution
		{FD811387-487B-41A6-968B-DEA467BC4250}.Debug|x64.ActiveCfg = Debug|x64
		{FD811387-487B-41A6-968B-DEA467BC4250}.Debug|x64.Build.0 = Debug|x64
		{FD811387-487B-41A6-968B-DEA467BC4250}.Debug|x86.ActiveCfg = Debug|Win32
		{FD811387-487B-41A6-968B-DEA467BC4250}.Debug|x86.Build.0 = Debug|Win32
		{FD811387-487B-41A6-968B-DEA467BC4250}.Release|x64.ActiveCfg = Release|x64
		{FD811387-487B-41A6-968B-DEA467BC4250}.Release|x64.Build.0 = Release|x64
		{FD811387-487B-41A6-968B-DEA467BC4250}.Release|x86.ActiveCfg = Release|Win32
		{FD811387-487B-41A6-968B-DEA467BC4250}.Release|x86.Build.0 = Release|Win32
	EndGlobalSection
	GlobalSection(SolutionProperties) = preSolution
		HideSolutionNode = FALSE
	EndGlobalSection
	GlobalSection(ExtensibilityGlobals) = postSolution
		SolutionGuid = {EF8E6AE4-D121-4A3F-9ECD-CAAA1CB56CFC}
	EndGlobalSection
EndGlobal
